# THIS IS AN AUTOGENERATED FILE. DO NOT EDIT THIS FILE DIRECTLY.
# yarn lockfile v1


chalk@true5.2.0:
  version "5.2.0"
  resolved "https://registry.yarnpkg.com/chalk/-/chalk-5.2.0.tgz#249623b7d66869c673699fb66d65723e54dfcfb3"
  integrity sha512-ree3Gqw/nazQAPuJJEy+avdl7QfZMcUvmHIKgEZkGL+xOBzRvup5Hxo6LHuMceSxOabuJLJm5Yp/92R9eMmMvA==

jquery@^3.2.1:
  version "3.6.4"
  resolved "https://registry.yarnpkg.com/jquery/-/jquery-3.6.4.tgz#ba065c188142100be4833699852bf7c24dc0252f"
  integrity sha512-v28EW9DWDFpzcD9O5iyJXg3R3+q+mET5JhnjJzQUZMHOv67bpSIHq81GEYpPNZHG+XXHsfSme3nxp/hndKEcsQ==

yarn2@true1.0.0:
  version "1.0.0"
  resolved "https://registry.yarnpkg.com/yarn2/-/yarn2-1.0.0.tgz#1acc3c1cddfb98b6c3300bd02f0ed76dd3cc1e52"
  integrity sha512-MsqpwGGACApW61XS0OtS2ygugn72L/KnxbVhNKF8/LyGkrSigIXJ6fDu23LUMHdqCVozcsSSlKAxjmODBjjbQQ==
  dependencies:
    jquery "^3.2.1"

yarn@true1.22.19:
  version "1.22.19"
  resolved "https://registry.yarnpkg.com/yarn/-/yarn-1.22.19.tgz#4ba7fc5c6e704fce2066ecbfb0b0d8976fe62447"
  integrity sha512-/0V5q0WbslqnwP91tirOvldvYISzaqhClxzyUKXYxs07yUILIs5jx/k6CFe8bvKSkds5w+eiOqta39Wk3WxdcQ==
